{
  "name": "state-machine-course",
  "version": "0.0.1",
  "lockfileVersion": 1,
  "requires": true,
  "dependencies": {
    "xstate": {
      "version": "4.17.1",
      "resolved": "https://registry.npmjs.org/xstate/-/xstate-4.17.1.tgz",
      "integrity": "sha512-3q7so9qAKFnz9/t7BNQXQtV+9fwDATCOkC+0tAvVqczboEbu6gz2dvPPVCCkj55Hyzgro9aSOntGSPGLei82BA=="
    }
  }
}
