{
  "name": "state-machine-course",
  "version": "0.0.1",
  "lockfileVersion": 1,
  "requires": true,
  "dependencies": {
    "xstate": {
      "version": "4.19.1",
      "resolved": "https://registry.npmjs.org/xstate/-/xstate-4.19.1.tgz",
      "integrity": "sha512-tnBh6ue9MiyoMkE2+w1IqfvJm4nBe3S4Ky/RLvlo9vka8FdO4WyyT3M7PA0pQoM/FZ9aJVWFOlsNw0Nc7E+4Bw=="
    }
  }
}
