{
  "name": "state-machine-course",
  "version": "0.0.1",
  "lockfileVersion": 1,
  "requires": true,
  "dependencies": {
    "xstate": {
      "version": "4.20.1",
      "resolved": "https://registry.npmjs.org/xstate/-/xstate-4.20.1.tgz",
      "integrity": "sha512-oLqFEYKUG3Y4t3Pg5tb7ZXz2kZcrRA1inrEVfzDVf1JoBb+KGpKlNaLzxF5bE7swo0xcc8H+B/gdPb1feyO1gg=="
    }
  }
}
